Microsoft Visual Studio Solution File, Format Version 12.00
# Visual Studio Version 16
VisualStudioVersion = 16.0.30611.23
MinimumVisualStudioVersion = 10.0.40219.1
Project("{9A19103F-16F7-4668-BE54-9A1E7A4F7556}") = "IEEE754FormatTask", "IEEE754FormatTask\IEEE754FormatTask.csproj", "{41DED226-F265-413B-A788-4F33694EB5D3}"
EndProject
Project("{9A19103F-16F7-4668-BE54-9A1E7A4F7556}") = "IEEE754FormatTask.Tests", "IEEE754FormatTask.Tests\IEEE754FormatTask.Tests.csproj", "{C5459A12-9227-4265-B726-94AB520EA775}"
EndProject
Project("{2150E333-8FDC-42A3-9474-1A3956D46DE8}") = "Solution Items", "Solution Items", "{31350788-4C81-4171-9011-B1E9DEB28C8C}"
	ProjectSection(SolutionItems) = preProject
		README.md = README.md
	EndProjectSection
EndProject
Global
	GlobalSection(SolutionConfigurationPlatforms) = preSolution
		Debug|Any CPU = Debug|Any CPU
		Release|Any CPU = Release|Any CPU
	EndGlobalSection
	GlobalSection(ProjectConfigurationPlatforms) = postSolution
		{41DED226-F265-413B-A788-4F33694EB5D3}.Debug|Any CPU.ActiveCfg = Debug|Any CPU
		{41DED226-F265-413B-A788-4F33694EB5D3}.Debug|Any CPU.Build.0 = Debug|Any CPU
		{41DED226-F265-413B-A788-4F33694EB5D3}.Release|Any CPU.ActiveCfg = Release|Any CPU
		{41DED226-F265-413B-A788-4F33694EB5D3}.Release|Any CPU.Build.0 = Release|Any CPU
		{C5459A12-9227-4265-B726-94AB520EA775}.Debug|Any CPU.ActiveCfg = Debug|Any CPU
		{C5459A12-9227-4265-B726-94AB520EA775}.Debug|Any CPU.Build.0 = Debug|Any CPU
		{C5459A12-9227-4265-B726-94AB520EA775}.Release|Any CPU.ActiveCfg = Release|Any CPU
		{C5459A12-9227-4265-B726-94AB520EA775}.Release|Any CPU.Build.0 = Release|Any CPU
	EndGlobalSection
	GlobalSection(SolutionProperties) = preSolution
		HideSolutionNode = FALSE
	EndGlobalSection
	GlobalSection(ExtensibilityGlobals) = postSolution
		SolutionGuid = {C8D68015-8AD3-4919-BBFE-7EB759586F8C}
	EndGlobalSection
EndGlobal
